
Microsoft Visual Studio Solution File, Format Version 12.00
# Visual Studio 2012
Project("{FAE04EC0-301F-11D3-BF4B-00C04F79EFBC}") = "Vogel.Damian.TP.Estacionamiento", "Vogel.Damian.TP.Estacionamiento\Vogel.Damian.TP.Estacionamiento.csproj", "{8746C231-CF3C-4EB1-8D27-F7ECC5C4BAC5}"
EndProject
Global
	GlobalSection(SolutionConfigurationPlatforms) = preSolution
		Debug|Any CPU = Debug|Any CPU
		Release|Any CPU = Release|Any CPU
	EndGlobalSection
	GlobalSection(ProjectConfigurationPlatforms) = postSolution
		{8746C231-CF3C-4EB1-8D27-F7ECC5C4BAC5}.Debug|Any CPU.ActiveCfg = Debug|Any CPU
		{8746C231-CF3C-4EB1-8D27-F7ECC5C4BAC5}.Debug|Any CPU.Build.0 = Debug|Any CPU
		{8746C231-CF3C-4EB1-8D27-F7ECC5C4BAC5}.Release|Any CPU.ActiveCfg = Release|Any CPU
		{8746C231-CF3C-4EB1-8D27-F7ECC5C4BAC5}.Release|Any CPU.Build.0 = Release|Any CPU
	EndGlobalSection
	GlobalSection(SolutionProperties) = preSolution
		HideSolutionNode = FALSE
	EndGlobalSection
EndGlobal
