
Microsoft Visual Studio Solution File, Format Version 12.00
# Visual Studio Express 2012 for Windows Desktop
Project("{FAE04EC0-301F-11D3-BF4B-00C04F79EFBC}") = "DemoRadioButton", "DemoRadioButton\DemoRadioButton.csproj", "{A3631167-EA6F-438B-9879-F1DFBAF7FABC}"
EndProject
Global
	GlobalSection(SolutionConfigurationPlatforms) = preSolution
		Debug|Any CPU = Debug|Any CPU
		Release|Any CPU = Release|Any CPU
	EndGlobalSection
	GlobalSection(ProjectConfigurationPlatforms) = postSolution
		{A3631167-EA6F-438B-9879-F1DFBAF7FABC}.Debug|Any CPU.ActiveCfg = Debug|Any CPU
		{A3631167-EA6F-438B-9879-F1DFBAF7FABC}.Debug|Any CPU.Build.0 = Debug|Any CPU
		{A3631167-EA6F-438B-9879-F1DFBAF7FABC}.Release|Any CPU.ActiveCfg = Release|Any CPU
		{A3631167-EA6F-438B-9879-F1DFBAF7FABC}.Release|Any CPU.Build.0 = Release|Any CPU
	EndGlobalSection
	GlobalSection(SolutionProperties) = preSolution
		HideSolutionNode = FALSE
	EndGlobalSection
EndGlobal
