
Microsoft Visual Studio Solution File, Format Version 12.00
# Visual Studio 2012
Project("{FAE04EC0-301F-11D3-BF4B-00C04F79EFBC}") = "Clase 02", "Clase 02\Clase 02.csproj", "{81EB0933-6610-4C2C-9A42-F655DB630812}"
EndProject
Global
	GlobalSection(SolutionConfigurationPlatforms) = preSolution
		Debug|Any CPU = Debug|Any CPU
		Release|Any CPU = Release|Any CPU
	EndGlobalSection
	GlobalSection(ProjectConfigurationPlatforms) = postSolution
		{81EB0933-6610-4C2C-9A42-F655DB630812}.Debug|Any CPU.ActiveCfg = Debug|Any CPU
		{81EB0933-6610-4C2C-9A42-F655DB630812}.Debug|Any CPU.Build.0 = Debug|Any CPU
		{81EB0933-6610-4C2C-9A42-F655DB630812}.Release|Any CPU.ActiveCfg = Release|Any CPU
		{81EB0933-6610-4C2C-9A42-F655DB630812}.Release|Any CPU.Build.0 = Release|Any CPU
	EndGlobalSection
	GlobalSection(SolutionProperties) = preSolution
		HideSolutionNode = FALSE
	EndGlobalSection
EndGlobal
