
Microsoft Visual Studio Solution File, Format Version 12.00
# Visual Studio 2012
Project("{FAE04EC0-301F-11D3-BF4B-00C04F79EFBC}") = "Entidades", "Entidades\Entidades.csproj", "{230D5E59-E8E1-4517-ABC8-79C8250E61D6}"
EndProject
Project("{FAE04EC0-301F-11D3-BF4B-00C04F79EFBC}") = "Canuto.SegundoParcial.LabIII", "Canuto.SegundoParcial.LabIII\Canuto.SegundoParcial.LabIII.csproj", "{5E26FD77-1318-40B1-8E84-5932C0A0E662}"
EndProject
Global
	GlobalSection(SolutionConfigurationPlatforms) = preSolution
		Debug|Any CPU = Debug|Any CPU
		Release|Any CPU = Release|Any CPU
	EndGlobalSection
	GlobalSection(ProjectConfigurationPlatforms) = postSolution
		{230D5E59-E8E1-4517-ABC8-79C8250E61D6}.Debug|Any CPU.ActiveCfg = Debug|Any CPU
		{230D5E59-E8E1-4517-ABC8-79C8250E61D6}.Debug|Any CPU.Build.0 = Debug|Any CPU
		{230D5E59-E8E1-4517-ABC8-79C8250E61D6}.Release|Any CPU.ActiveCfg = Release|Any CPU
		{230D5E59-E8E1-4517-ABC8-79C8250E61D6}.Release|Any CPU.Build.0 = Release|Any CPU
		{5E26FD77-1318-40B1-8E84-5932C0A0E662}.Debug|Any CPU.ActiveCfg = Debug|Any CPU
		{5E26FD77-1318-40B1-8E84-5932C0A0E662}.Debug|Any CPU.Build.0 = Debug|Any CPU
		{5E26FD77-1318-40B1-8E84-5932C0A0E662}.Release|Any CPU.ActiveCfg = Release|Any CPU
		{5E26FD77-1318-40B1-8E84-5932C0A0E662}.Release|Any CPU.Build.0 = Release|Any CPU
	EndGlobalSection
	GlobalSection(SolutionProperties) = preSolution
		HideSolutionNode = FALSE
	EndGlobalSection
EndGlobal
