
Microsoft Visual Studio Solution File, Format Version 12.00
# Visual Studio 2012
Project("{FAE04EC0-301F-11D3-BF4B-00C04F79EFBC}") = "PruebaControles", "PruebaControles\PruebaControles.csproj", "{2F0A936C-086D-492B-96EC-E18133A37CDC}"
EndProject
Project("{FAE04EC0-301F-11D3-BF4B-00C04F79EFBC}") = "PruebaForm", "PruebaForm\PruebaForm.csproj", "{3C31DFC1-C6D7-450E-8D80-C4E943AB4E25}"
EndProject
Global
	GlobalSection(SolutionConfigurationPlatforms) = preSolution
		Debug|Any CPU = Debug|Any CPU
		Release|Any CPU = Release|Any CPU
	EndGlobalSection
	GlobalSection(ProjectConfigurationPlatforms) = postSolution
		{2F0A936C-086D-492B-96EC-E18133A37CDC}.Debug|Any CPU.ActiveCfg = Debug|Any CPU
		{2F0A936C-086D-492B-96EC-E18133A37CDC}.Debug|Any CPU.Build.0 = Debug|Any CPU
		{2F0A936C-086D-492B-96EC-E18133A37CDC}.Release|Any CPU.ActiveCfg = Release|Any CPU
		{2F0A936C-086D-492B-96EC-E18133A37CDC}.Release|Any CPU.Build.0 = Release|Any CPU
		{3C31DFC1-C6D7-450E-8D80-C4E943AB4E25}.Debug|Any CPU.ActiveCfg = Debug|Any CPU
		{3C31DFC1-C6D7-450E-8D80-C4E943AB4E25}.Debug|Any CPU.Build.0 = Debug|Any CPU
		{3C31DFC1-C6D7-450E-8D80-C4E943AB4E25}.Release|Any CPU.ActiveCfg = Release|Any CPU
		{3C31DFC1-C6D7-450E-8D80-C4E943AB4E25}.Release|Any CPU.Build.0 = Release|Any CPU
	EndGlobalSection
	GlobalSection(SolutionProperties) = preSolution
		HideSolutionNode = FALSE
	EndGlobalSection
EndGlobal
